
Microsoft Visual Studio Solution File, Format Version 12.00
# Visual Studio 15
VisualStudioVersion = 15.0.28307.168
MinimumVisualStudioVersion = 10.0.40219.1
Project("{FAE04EC0-301F-11D3-BF4B-00C04F79EFBC}") = "ShoppingCartMVC", "ShoppingCartMVC\ShoppingCartMVC.csproj", "{34C78F31-BC22-4EB5-96F0-B6652BC4BBDF}"
EndProject
Global
	GlobalSection(SolutionConfigurationPlatforms) = preSolution
		Debug|Any CPU = Debug|Any CPU
		Release|Any CPU = Release|Any CPU
	EndGlobalSection
	GlobalSection(ProjectConfigurationPlatforms) = postSolution
		{34C78F31-BC22-4EB5-96F0-B6652BC4BBDF}.Debug|Any CPU.ActiveCfg = Debug|Any CPU
		{34C78F31-BC22-4EB5-96F0-B6652BC4BBDF}.Debug|Any CPU.Build.0 = Debug|Any CPU
		{34C78F31-BC22-4EB5-96F0-B6652BC4BBDF}.Release|Any CPU.ActiveCfg = Release|Any CPU
		{34C78F31-BC22-4EB5-96F0-B6652BC4BBDF}.Release|Any CPU.Build.0 = Release|Any CPU
	EndGlobalSection
	GlobalSection(SolutionProperties) = preSolution
		HideSolutionNode = FALSE
	EndGlobalSection
	GlobalSection(ExtensibilityGlobals) = postSolution
		SolutionGuid = {56AB2597-B9CF-433D-829B-DA5CDB02D060}
	EndGlobalSection
EndGlobal
